
Microsoft Visual Studio Solution File, Format Version 12.00
# Visual Studio Version 17
VisualStudioVersion = 17.4.33205.214
MinimumVisualStudioVersion = 10.0.40219.1
Project("{FAE04EC0-301F-11D3-BF4B-00C04F79EFBC}") = "SMSApp", "SMSApp.csproj", "{F8CB33A7-8AD5-46D3-A8DE-A58FEA4A5A6F}"
EndProject
Global
	GlobalSection(SolutionConfigurationPlatforms) = preSolution
		Debug|Any CPU = Debug|Any CPU
		Release|Any CPU = Release|Any CPU
	EndGlobalSection
	GlobalSection(ProjectConfigurationPlatforms) = postSolution
		{F8CB33A7-8AD5-46D3-A8DE-A58FEA4A5A6F}.Debug|Any CPU.ActiveCfg = Debug|Any CPU
		{F8CB33A7-8AD5-46D3-A8DE-A58FEA4A5A6F}.Debug|Any CPU.Build.0 = Debug|Any CPU
		{F8CB33A7-8AD5-46D3-A8DE-A58FEA4A5A6F}.Release|Any CPU.ActiveCfg = Release|Any CPU
		{F8CB33A7-8AD5-46D3-A8DE-A58FEA4A5A6F}.Release|Any CPU.Build.0 = Release|Any CPU
	EndGlobalSection
	GlobalSection(SolutionProperties) = preSolution
		HideSolutionNode = FALSE
	EndGlobalSection
	GlobalSection(ExtensibilityGlobals) = postSolution
		SolutionGuid = {194C00AD-BE7D-44A6-A7D1-022329C6C029}
	EndGlobalSection
EndGlobal
